// !$*UTF8*$!
{
	archiveVersion = 1;
	classes = {
	};
	objectVersion = 50;
	objects = {

/* Begin PBXBuildFile section */
		5232F8EE2132743C00CAD679 /* Tutor.swift in Sources */ = {isa = PBXBuildFile; fileRef = 5232F8ED2132743C00CAD679 /* Tutor.swift */; };
		5232F8F02132790800CAD679 /* SettingsTableViewController.swift in Sources */ = {isa = PBXBuildFile; fileRef = 5232F8EF2132790800CAD679 /* SettingsTableViewController.swift */; };
		5232F8F32133DEB700CAD679 /* Teacher.swift in Sources */ = {isa = PBXBuildFile; fileRef = 5232F8F22133DEB500CAD679 /* Teacher.swift */; };
		5232F8F72134082200CAD679 /* TeachersTableViewController.swift in Sources */ = {isa = PBXBuildFile; fileRef = 5232F8F62134082200CAD679 /* TeachersTableViewController.swift */; };
		52994AE52131249E001A0E7A /* GoogleService-Info.plist in Resources */ = {isa = PBXBuildFile; fileRef = 52994AE42131249E001A0E7A /* GoogleService-Info.plist */; };
		52994AE721313D22001A0E7A /* Extensions.swift in Sources */ = {isa = PBXBuildFile; fileRef = 52994AE621313D22001A0E7A /* Extensions.swift */; };
		52994AE921313E29001A0E7A /* Center.storyboard in Resources */ = {isa = PBXBuildFile; fileRef = 52994AE821313E29001A0E7A /* Center.storyboard */; };
		52994AEB21313EAB001A0E7A /* Tutor.storyboard in Resources */ = {isa = PBXBuildFile; fileRef = 52994AEA21313EAB001A0E7A /* Tutor.storyboard */; };
		52994AED21313EBA001A0E7A /* Teacher.storyboard in Resources */ = {isa = PBXBuildFile; fileRef = 52994AEC21313EBA001A0E7A /* Teacher.storyboard */; };
		52994AF221314D16001A0E7A /* UpdateTutorViewController.swift in Sources */ = {isa = PBXBuildFile; fileRef = 52994AF121314D16001A0E7A /* UpdateTutorViewController.swift */; };
		52994AF42131CE98001A0E7A /* TutorsTableViewController.swift in Sources */ = {isa = PBXBuildFile; fileRef = 52994AF32131CE98001A0E7A /* TutorsTableViewController.swift */; };
		52994AF62131DB37001A0E7A /* SubjectsTableViewController.swift in Sources */ = {isa = PBXBuildFile; fileRef = 52994AF52131DB37001A0E7A /* SubjectsTableViewController.swift */; };
		52994AF921320835001A0E7A /* Subject.swift in Sources */ = {isa = PBXBuildFile; fileRef = 52994AF821320835001A0E7A /* Subject.swift */; };
		52E8307B213120550061AF56 /* AppDelegate.swift in Sources */ = {isa = PBXBuildFile; fileRef = 52E8307A213120550061AF56 /* AppDelegate.swift */; };
		52E8307D213120550061AF56 /* ViewController.swift in Sources */ = {isa = PBXBuildFile; fileRef = 52E8307C213120550061AF56 /* ViewController.swift */; };
		52E83080213120550061AF56 /* Main.storyboard in Resources */ = {isa = PBXBuildFile; fileRef = 52E8307E213120550061AF56 /* Main.storyboard */; };
		52E83082213120580061AF56 /* Assets.xcassets in Resources */ = {isa = PBXBuildFile; fileRef = 52E83081213120580061AF56 /* Assets.xcassets */; };
		52E83085213120580061AF56 /* LaunchScreen.storyboard in Resources */ = {isa = PBXBuildFile; fileRef = 52E83083213120580061AF56 /* LaunchScreen.storyboard */; };
		696E209333DDB3EADAA77CB2 /* Pods_Center_iOS.framework in Frameworks */ = {isa = PBXBuildFile; fileRef = 750CEB0724B826B43150E0C0 /* Pods_Center_iOS.framework */; };
/* End PBXBuildFile section */

/* Begin PBXFileReference section */
		5232F8ED2132743C00CAD679 /* Tutor.swift */ = {isa = PBXFileReference; lastKnownFileType = sourcecode.swift; path = Tutor.swift; sourceTree = "<group>"; };
		5232F8EF2132790800CAD679 /* SettingsTableViewController.swift */ = {isa = PBXFileReference; lastKnownFileType = sourcecode.swift; path = SettingsTableViewController.swift; sourceTree = "<group>"; };
		5232F8F22133DEB500CAD679 /* Teacher.swift */ = {isa = PBXFileReference; lastKnownFileType = sourcecode.swift; path = Teacher.swift; sourceTree = "<group>"; };
		5232F8F62134082200CAD679 /* TeachersTableViewController.swift */ = {isa = PBXFileReference; lastKnownFileType = sourcecode.swift; path = TeachersTableViewController.swift; sourceTree = "<group>"; };
		52994AE42131249E001A0E7A /* GoogleService-Info.plist */ = {isa = PBXFileReference; fileEncoding = 4; lastKnownFileType = text.plist.xml; path = "GoogleService-Info.plist"; sourceTree = "<group>"; };
		52994AE621313D22001A0E7A /* Extensions.swift */ = {isa = PBXFileReference; lastKnownFileType = sourcecode.swift; path = Extensions.swift; sourceTree = "<group>"; };
		52994AE821313E29001A0E7A /* Center.storyboard */ = {isa = PBXFileReference; lastKnownFileType = file.storyboard; path = Center.storyboard; sourceTree = "<group>"; };
		52994AEA21313EAB001A0E7A /* Tutor.storyboard */ = {isa = PBXFileReference; lastKnownFileType = file.storyboard; path = Tutor.storyboard; sourceTree = "<group>"; };
		52994AEC21313EBA001A0E7A /* Teacher.storyboard */ = {isa = PBXFileReference; lastKnownFileType = file.storyboard; path = Teacher.storyboard; sourceTree = "<group>"; };
		52994AF121314D16001A0E7A /* UpdateTutorViewController.swift */ = {isa = PBXFileReference; lastKnownFileType = sourcecode.swift; path = UpdateTutorViewController.swift; sourceTree = "<group>"; };
		52994AF32131CE98001A0E7A /* TutorsTableViewController.swift */ = {isa = PBXFileReference; lastKnownFileType = sourcecode.swift; path = TutorsTableViewController.swift; sourceTree = "<group>"; };
		52994AF52131DB37001A0E7A /* SubjectsTableViewController.swift */ = {isa = PBXFileReference; lastKnownFileType = sourcecode.swift; path = SubjectsTableViewController.swift; sourceTree = "<group>"; };
		52994AF821320835001A0E7A /* Subject.swift */ = {isa = PBXFileReference; lastKnownFileType = sourcecode.swift; path = Subject.swift; sourceTree = "<group>"; };
		52E83077213120550061AF56 /* Center-iOS.app */ = {isa = PBXFileReference; explicitFileType = wrapper.application; includeInIndex = 0; path = "Center-iOS.app"; sourceTree = BUILT_PRODUCTS_DIR; };
		52E8307A213120550061AF56 /* AppDelegate.swift */ = {isa = PBXFileReference; lastKnownFileType = sourcecode.swift; path = AppDelegate.swift; sourceTree = "<group>"; };
		52E8307C213120550061AF56 /* ViewController.swift */ = {isa = PBXFileReference; lastKnownFileType = sourcecode.swift; path = ViewController.swift; sourceTree = "<group>"; };
		52E8307F213120550061AF56 /* Base */ = {isa = PBXFileReference; lastKnownFileType = file.storyboard; name = Base; path = Base.lproj/Main.storyboard; sourceTree = "<group>"; };
		52E83081213120580061AF56 /* Assets.xcassets */ = {isa = PBXFileReference; lastKnownFileType = folder.assetcatalog; path = Assets.xcassets; sourceTree = "<group>"; };
		52E83084213120580061AF56 /* Base */ = {isa = PBXFileReference; lastKnownFileType = file.storyboard; name = Base; path = Base.lproj/LaunchScreen.storyboard; sourceTree = "<group>"; };
		52E83086213120580061AF56 /* Info.plist */ = {isa = PBXFileReference; lastKnownFileType = text.plist.xml; path = Info.plist; sourceTree = "<group>"; };
		66319AEDC0BCBF3FBCD6AB6B /* Pods-Center-iOS.release.xcconfig */ = {isa = PBXFileReference; includeInIndex = 1; lastKnownFileType = text.xcconfig; name = "Pods-Center-iOS.release.xcconfig"; path = "Pods/Target Support Files/Pods-Center-iOS/Pods-Center-iOS.release.xcconfig"; sourceTree = "<group>"; };
		750CEB0724B826B43150E0C0 /* Pods_Center_iOS.framework */ = {isa = PBXFileReference; explicitFileType = wrapper.framework; includeInIndex = 0; path = Pods_Center_iOS.framework; sourceTree = BUILT_PRODUCTS_DIR; };
		8C8B65B1B6D475A6886C8C17 /* Pods-Center-iOS.debug.xcconfig */ = {isa = PBXFileReference; includeInIndex = 1; lastKnownFileType = text.xcconfig; name = "Pods-Center-iOS.debug.xcconfig"; path = "Pods/Target Support Files/Pods-Center-iOS/Pods-Center-iOS.debug.xcconfig"; sourceTree = "<group>"; };
/* End PBXFileReference section */

/* Begin PBXFrameworksBuildPhase section */
		52E83074213120550061AF56 /* Frameworks */ = {
			isa = PBXFrameworksBuildPhase;
			buildActionMask = 2147483647;
			files = (
				696E209333DDB3EADAA77CB2 /* Pods_Center_iOS.framework in Frameworks */,
			);
			runOnlyForDeploymentPostprocessing = 0;
		};
/* End PBXFrameworksBuildPhase section */

/* Begin PBXGroup section */
		2F0EE8D5866FA4BC7993BD16 /* Pods */ = {
			isa = PBXGroup;
			children = (
				8C8B65B1B6D475A6886C8C17 /* Pods-Center-iOS.debug.xcconfig */,
				66319AEDC0BCBF3FBCD6AB6B /* Pods-Center-iOS.release.xcconfig */,
			);
			name = Pods;
			sourceTree = "<group>";
		};
		498048FA31A7B6916C4D6F41 /* Frameworks */ = {
			isa = PBXGroup;
			children = (
				750CEB0724B826B43150E0C0 /* Pods_Center_iOS.framework */,
			);
			name = Frameworks;
			sourceTree = "<group>";
		};
		5232F8F12132801A00CAD679 /* Main */ = {
			isa = PBXGroup;
			children = (
				52E8307A213120550061AF56 /* AppDelegate.swift */,
				52E8307C213120550061AF56 /* ViewController.swift */,
				5232F8EF2132790800CAD679 /* SettingsTableViewController.swift */,
				52E8307E213120550061AF56 /* Main.storyboard */,
			);
			path = Main;
			sourceTree = "<group>";
		};
		52994AEE21314A70001A0E7A /* Center */ = {
			isa = PBXGroup;
			children = (
				52994AE821313E29001A0E7A /* Center.storyboard */,
				52994AF32131CE98001A0E7A /* TutorsTableViewController.swift */,
				52994AF121314D16001A0E7A /* UpdateTutorViewController.swift */,
				52994AF52131DB37001A0E7A /* SubjectsTableViewController.swift */,
				5232F8F62134082200CAD679 /* TeachersTableViewController.swift */,
			);
			path = Center;
			sourceTree = "<group>";
		};
		52994AEF21314A82001A0E7A /* Teacher */ = {
			isa = PBXGroup;
			children = (
				52994AEC21313EBA001A0E7A /* Teacher.storyboard */,
			);
			path = Teacher;
			sourceTree = "<group>";
		};
		52994AF021314A87001A0E7A /* Tutor */ = {
			isa = PBXGroup;
			children = (
				52994AEA21313EAB001A0E7A /* Tutor.storyboard */,
			);
			path = Tutor;
			sourceTree = "<group>";
		};
		52994AF7213207BB001A0E7A /* Model */ = {
			isa = PBXGroup;
			children = (
				52994AE621313D22001A0E7A /* Extensions.swift */,
				52994AF821320835001A0E7A /* Subject.swift */,
				5232F8ED2132743C00CAD679 /* Tutor.swift */,
				5232F8F22133DEB500CAD679 /* Teacher.swift */,
			);
			path = Model;
			sourceTree = "<group>";
		};
		52E8306E213120550061AF56 = {
			isa = PBXGroup;
			children = (
				52E83079213120550061AF56 /* Center-iOS */,
				52E83078213120550061AF56 /* Products */,
				2F0EE8D5866FA4BC7993BD16 /* Pods */,
				498048FA31A7B6916C4D6F41 /* Frameworks */,
			);
			sourceTree = "<group>";
		};
		52E83078213120550061AF56 /* Products */ = {
			isa = PBXGroup;
			children = (
				52E83077213120550061AF56 /* Center-iOS.app */,
			);
			name = Products;
			sourceTree = "<group>";
		};
		52E83079213120550061AF56 /* Center-iOS */ = {
			isa = PBXGroup;
			children = (
				52994AF7213207BB001A0E7A /* Model */,
				5232F8F12132801A00CAD679 /* Main */,
				52994AEE21314A70001A0E7A /* Center */,
				52994AEF21314A82001A0E7A /* Teacher */,
				52994AF021314A87001A0E7A /* Tutor */,
				52E83081213120580061AF56 /* Assets.xcassets */,
				52E83083213120580061AF56 /* LaunchScreen.storyboard */,
				52E83086213120580061AF56 /* Info.plist */,
				52994AE42131249E001A0E7A /* GoogleService-Info.plist */,
			);
			path = "Center-iOS";
			sourceTree = "<group>";
		};
/* End PBXGroup section */

/* Begin PBXNativeTarget section */
		52E83076213120550061AF56 /* Center-iOS */ = {
			isa = PBXNativeTarget;
			buildConfigurationList = 52E83089213120580061AF56 /* Build configuration list for PBXNativeTarget "Center-iOS" */;
			buildPhases = (
				39CA0462A968517890CCF1BF /* [CP] Check Pods Manifest.lock */,
				52E83073213120550061AF56 /* Sources */,
				52E83074213120550061AF56 /* Frameworks */,
				52E83075213120550061AF56 /* Resources */,
				4E9026293DCAA47B38232223 /* [CP] Embed Pods Frameworks */,
				32CBAAFDE996EF4E6387A400 /* [CP] Copy Pods Resources */,
			);
			buildRules = (
			);
			dependencies = (
			);
			name = "Center-iOS";
			productName = "Center-iOS";
			productReference = 52E83077213120550061AF56 /* Center-iOS.app */;
			productType = "com.apple.product-type.application";
		};
/* End PBXNativeTarget section */

/* Begin PBXProject section */
		52E8306F213120550061AF56 /* Project object */ = {
			isa = PBXProject;
			attributes = {
				LastSwiftUpdateCheck = 1000;
				LastUpgradeCheck = 1000;
				ORGANIZATIONNAME = "OHS The Center";
				TargetAttributes = {
					52E83076213120550061AF56 = {
						CreatedOnToolsVersion = 10.0;
					};
				};
			};
			buildConfigurationList = 52E83072213120550061AF56 /* Build configuration list for PBXProject "Center-iOS" */;
			compatibilityVersion = "Xcode 9.3";
			developmentRegion = en;
			hasScannedForEncodings = 0;
			knownRegions = (
				en,
				Base,
			);
			mainGroup = 52E8306E213120550061AF56;
			productRefGroup = 52E83078213120550061AF56 /* Products */;
			projectDirPath = "";
			projectRoot = "";
			targets = (
				52E83076213120550061AF56 /* Center-iOS */,
			);
		};
/* End PBXProject section */

/* Begin PBXResourcesBuildPhase section */
		52E83075213120550061AF56 /* Resources */ = {
			isa = PBXResourcesBuildPhase;
			buildActionMask = 2147483647;
			files = (
				52E83085213120580061AF56 /* LaunchScreen.storyboard in Resources */,
				52994AEB21313EAB001A0E7A /* Tutor.storyboard in Resources */,
				52994AE921313E29001A0E7A /* Center.storyboard in Resources */,
				52994AE52131249E001A0E7A /* GoogleService-Info.plist in Resources */,
				52994AED21313EBA001A0E7A /* Teacher.storyboard in Resources */,
				52E83082213120580061AF56 /* Assets.xcassets in Resources */,
				52E83080213120550061AF56 /* Main.storyboard in Resources */,
			);
			runOnlyForDeploymentPostprocessing = 0;
		};
/* End PBXResourcesBuildPhase section */

/* Begin PBXShellScriptBuildPhase section */
		32CBAAFDE996EF4E6387A400 /* [CP] Copy Pods Resources */ = {
			isa = PBXShellScriptBuildPhase;
			buildActionMask = 2147483647;
			files = (
			);
			inputPaths = (
				"${SRCROOT}/Pods/Target Support Files/Pods-Center-iOS/Pods-Center-iOS-resources.sh",
				"${PODS_ROOT}/GoogleSignIn/Resources/GoogleSignIn.bundle",
			);
			name = "[CP] Copy Pods Resources";
			outputPaths = (
				"${TARGET_BUILD_DIR}/${UNLOCALIZED_RESOURCES_FOLDER_PATH}/GoogleSignIn.bundle",
			);
			runOnlyForDeploymentPostprocessing = 0;
			shellPath = /bin/sh;
			shellScript = "\"${SRCROOT}/Pods/Target Support Files/Pods-Center-iOS/Pods-Center-iOS-resources.sh\"\n";
			showEnvVarsInLog = 0;
		};
		39CA0462A968517890CCF1BF /* [CP] Check Pods Manifest.lock */ = {
			isa = PBXShellScriptBuildPhase;
			buildActionMask = 2147483647;
			files = (
			);
			inputPaths = (
				"${PODS_PODFILE_DIR_PATH}/Podfile.lock",
				"${PODS_ROOT}/Manifest.lock",
			);
			name = "[CP] Check Pods Manifest.lock";
			outputPaths = (
				"$(DERIVED_FILE_DIR)/Pods-Center-iOS-checkManifestLockResult.txt",
			);
			runOnlyForDeploymentPostprocessing = 0;
			shellPath = /bin/sh;
			shellScript = "diff \"${PODS_PODFILE_DIR_PATH}/Podfile.lock\" \"${PODS_ROOT}/Manifest.lock\" > /dev/null\nif [ $? != 0 ] ; then\n    # print error to STDERR\n    echo \"error: The sandbox is not in sync with the Podfile.lock. Run 'pod install' or update your CocoaPods installation.\" >&2\n    exit 1\nfi\n# This output is used by Xcode 'outputs' to avoid re-running this script phase.\necho \"SUCCESS\" > \"${SCRIPT_OUTPUT_FILE_0}\"\n";
			showEnvVarsInLog = 0;
		};
		4E9026293DCAA47B38232223 /* [CP] Embed Pods Frameworks */ = {
			isa = PBXShellScriptBuildPhase;
			buildActionMask = 2147483647;
			files = (
			);
			inputPaths = (
				"${SRCROOT}/Pods/Target Support Files/Pods-Center-iOS/Pods-Center-iOS-frameworks.sh",
				"${BUILT_PRODUCTS_DIR}/BoringSSL/openssl.framework",
				"${BUILT_PRODUCTS_DIR}/DZNEmptyDataSet/DZNEmptyDataSet.framework",
				"${BUILT_PRODUCTS_DIR}/Eureka/Eureka.framework",
				"${BUILT_PRODUCTS_DIR}/GTMOAuth2/GTMOAuth2.framework",
				"${BUILT_PRODUCTS_DIR}/GTMSessionFetcher/GTMSessionFetcher.framework",
				"${BUILT_PRODUCTS_DIR}/GoogleToolboxForMac/GoogleToolboxForMac.framework",
				"${BUILT_PRODUCTS_DIR}/GoogleUtilities/GoogleUtilities.framework",
				"${BUILT_PRODUCTS_DIR}/PKHUD/PKHUD.framework",
				"${BUILT_PRODUCTS_DIR}/Protobuf/Protobuf.framework",
				"${BUILT_PRODUCTS_DIR}/SwiftSoup/SwiftSoup.framework",
				"${BUILT_PRODUCTS_DIR}/gRPC/GRPCClient.framework",
				"${BUILT_PRODUCTS_DIR}/gRPC-Core/grpc.framework",
				"${BUILT_PRODUCTS_DIR}/gRPC-ProtoRPC/ProtoRPC.framework",
				"${BUILT_PRODUCTS_DIR}/gRPC-RxLibrary/RxLibrary.framework",
				"${BUILT_PRODUCTS_DIR}/leveldb-library/leveldb.framework",
				"${BUILT_PRODUCTS_DIR}/nanopb/nanopb.framework",
			);
			name = "[CP] Embed Pods Frameworks";
			outputPaths = (
				"${TARGET_BUILD_DIR}/${FRAMEWORKS_FOLDER_PATH}/openssl.framework",
				"${TARGET_BUILD_DIR}/${FRAMEWORKS_FOLDER_PATH}/DZNEmptyDataSet.framework",
				"${TARGET_BUILD_DIR}/${FRAMEWORKS_FOLDER_PATH}/Eureka.framework",
				"${TARGET_BUILD_DIR}/${FRAMEWORKS_FOLDER_PATH}/GTMOAuth2.framework",
				"${TARGET_BUILD_DIR}/${FRAMEWORKS_FOLDER_PATH}/GTMSessionFetcher.framework",
				"${TARGET_BUILD_DIR}/${FRAMEWORKS_FOLDER_PATH}/GoogleToolboxForMac.framework",
				"${TARGET_BUILD_DIR}/${FRAMEWORKS_FOLDER_PATH}/GoogleUtilities.framework",
				"${TARGET_BUILD_DIR}/${FRAMEWORKS_FOLDER_PATH}/PKHUD.framework",
				"${TARGET_BUILD_DIR}/${FRAMEWORKS_FOLDER_PATH}/Protobuf.framework",
				"${TARGET_BUILD_DIR}/${FRAMEWORKS_FOLDER_PATH}/SwiftSoup.framework",
				"${TARGET_BUILD_DIR}/${FRAMEWORKS_FOLDER_PATH}/GRPCClient.framework",
				"${TARGET_BUILD_DIR}/${FRAMEWORKS_FOLDER_PATH}/grpc.framework",
				"${TARGET_BUILD_DIR}/${FRAMEWORKS_FOLDER_PATH}/ProtoRPC.framework",
				"${TARGET_BUILD_DIR}/${FRAMEWORKS_FOLDER_PATH}/RxLibrary.framework",
				"${TARGET_BUILD_DIR}/${FRAMEWORKS_FOLDER_PATH}/leveldb.framework",
				"${TARGET_BUILD_DIR}/${FRAMEWORKS_FOLDER_PATH}/nanopb.framework",
			);
			runOnlyForDeploymentPostprocessing = 0;
			shellPath = /bin/sh;
			shellScript = "\"${SRCROOT}/Pods/Target Support Files/Pods-Center-iOS/Pods-Center-iOS-frameworks.sh\"\n";
			showEnvVarsInLog = 0;
		};
/* End PBXShellScriptBuildPhase section */

/* Begin PBXSourcesBuildPhase section */
		52E83073213120550061AF56 /* Sources */ = {
			isa = PBXSourcesBuildPhase;
			buildActionMask = 2147483647;
			files = (
				52994AF42131CE98001A0E7A /* TutorsTableViewController.swift in Sources */,
				52E8307D213120550061AF56 /* ViewController.swift in Sources */,
				52994AF921320835001A0E7A /* Subject.swift in Sources */,
				52994AF221314D16001A0E7A /* UpdateTutorViewController.swift in Sources */,
				5232F8EE2132743C00CAD679 /* Tutor.swift in Sources */,
				52994AE721313D22001A0E7A /* Extensions.swift in Sources */,
				5232F8F32133DEB700CAD679 /* Teacher.swift in Sources */,
				52994AF62131DB37001A0E7A /* SubjectsTableViewController.swift in Sources */,
				5232F8F72134082200CAD679 /* TeachersTableViewController.swift in Sources */,
				52E8307B213120550061AF56 /* AppDelegate.swift in Sources */,
				5232F8F02132790800CAD679 /* SettingsTableViewController.swift in Sources */,
			);
			runOnlyForDeploymentPostprocessing = 0;
		};
/* End PBXSourcesBuildPhase section */

/* Begin PBXVariantGroup section */
		52E8307E213120550061AF56 /* Main.storyboard */ = {
			isa = PBXVariantGroup;
			children = (
				52E8307F213120550061AF56 /* Base */,
			);
			name = Main.storyboard;
			sourceTree = "<group>";
		};
		52E83083213120580061AF56 /* LaunchScreen.storyboard */ = {
			isa = PBXVariantGroup;
			children = (
				52E83084213120580061AF56 /* Base */,
			);
			name = LaunchScreen.storyboard;
			sourceTree = "<group>";
		};
/* End PBXVariantGroup section */

/* Begin XCBuildConfiguration section */
		52E83087213120580061AF56 /* Debug */ = {
			isa = XCBuildConfiguration;
			buildSettings = {
				ALWAYS_SEARCH_USER_PATHS = NO;
				CLANG_ANALYZER_NONNULL = YES;
				CLANG_ANALYZER_NUMBER_OBJECT_CONVERSION = YES_AGGRESSIVE;
				CLANG_CXX_LANGUAGE_STANDARD = "gnu++14";
				CLANG_CXX_LIBRARY = "libc++";
				CLANG_ENABLE_MODULES = YES;
				CLANG_ENABLE_OBJC_ARC = YES;
				CLANG_ENABLE_OBJC_WEAK = YES;
				CLANG_WARN_BLOCK_CAPTURE_AUTORELEASING = YES;
				CLANG_WARN_BOOL_CONVERSION = YES;
				CLANG_WARN_COMMA = YES;
				CLANG_WARN_CONSTANT_CONVERSION = YES;
				CLANG_WARN_DEPRECATED_OBJC_IMPLEMENTATIONS = YES;
				CLANG_WARN_DIRECT_OBJC_ISA_USAGE = YES_ERROR;
				CLANG_WARN_DOCUMENTATION_COMMENTS = YES;
				CLANG_WARN_EMPTY_BODY = YES;
				CLANG_WARN_ENUM_CONVERSION = YES;
				CLANG_WARN_INFINITE_RECURSION = YES;
				CLANG_WARN_INT_CONVERSION = YES;
				CLANG_WARN_NON_LITERAL_NULL_CONVERSION = YES;
				CLANG_WARN_OBJC_IMPLICIT_RETAIN_SELF = YES;
				CLANG_WARN_OBJC_LITERAL_CONVERSION = YES;
				CLANG_WARN_OBJC_ROOT_CLASS = YES_ERROR;
				CLANG_WARN_RANGE_LOOP_ANALYSIS = YES;
				CLANG_WARN_STRICT_PROTOTYPES = YES;
				CLANG_WARN_SUSPICIOUS_MOVE = YES;
				CLANG_WARN_UNGUARDED_AVAILABILITY = YES_AGGRESSIVE;
				CLANG_WARN_UNREACHABLE_CODE = YES;
				CLANG_WARN__DUPLICATE_METHOD_MATCH = YES;
				CODE_SIGN_IDENTITY = "iPhone Developer";
				COPY_PHASE_STRIP = NO;
				DEBUG_INFORMATION_FORMAT = dwarf;
				ENABLE_STRICT_OBJC_MSGSEND = YES;
				ENABLE_TESTABILITY = YES;
				GCC_C_LANGUAGE_STANDARD = gnu11;
				GCC_DYNAMIC_NO_PIC = NO;
				GCC_NO_COMMON_BLOCKS = YES;
				GCC_OPTIMIZATION_LEVEL = 0;
				GCC_PREPROCESSOR_DEFINITIONS = (
					"DEBUG=1",
					"$(inherited)",
				);
				GCC_WARN_64_TO_32_BIT_CONVERSION = YES;
				GCC_WARN_ABOUT_RETURN_TYPE = YES_ERROR;
				GCC_WARN_UNDECLARED_SELECTOR = YES;
				GCC_WARN_UNINITIALIZED_AUTOS = YES_AGGRESSIVE;
				GCC_WARN_UNUSED_FUNCTION = YES;
				GCC_WARN_UNUSED_VARIABLE = YES;
				IPHONEOS_DEPLOYMENT_TARGET = 9.0;
				MTL_ENABLE_DEBUG_INFO = INCLUDE_SOURCE;
				MTL_FAST_MATH = YES;
				ONLY_ACTIVE_ARCH = YES;
				SDKROOT = iphoneos;
				SWIFT_ACTIVE_COMPILATION_CONDITIONS = DEBUG;
				SWIFT_OPTIMIZATION_LEVEL = "-Onone";
			};
			name = Debug;
		};
		52E83088213120580061AF56 /* Release */ = {
			isa = XCBuildConfiguration;
			buildSettings = {
				ALWAYS_SEARCH_USER_PATHS = NO;
				CLANG_ANALYZER_NONNULL = YES;
				CLANG_ANALYZER_NUMBER_OBJECT_CONVERSION = YES_AGGRESSIVE;
				CLANG_CXX_LANGUAGE_STANDARD = "gnu++14";
				CLANG_CXX_LIBRARY = "libc++";
				CLANG_ENABLE_MODULES = YES;
				CLANG_ENABLE_OBJC_ARC = YES;
				CLANG_ENABLE_OBJC_WEAK = YES;
				CLANG_WARN_BLOCK_CAPTURE_AUTORELEASING = YES;
				CLANG_WARN_BOOL_CONVERSION = YES;
				CLANG_WARN_COMMA = YES;
				CLANG_WARN_CONSTANT_CONVERSION = YES;
				CLANG_WARN_DEPRECATED_OBJC_IMPLEMENTATIONS = YES;
				CLANG_WARN_DIRECT_OBJC_ISA_USAGE = YES_ERROR;
				CLANG_WARN_DOCUMENTATION_COMMENTS = YES;
				CLANG_WARN_EMPTY_BODY = YES;
				CLANG_WARN_ENUM_CONVERSION = YES;
				CLANG_WARN_INFINITE_RECURSION = YES;
				CLANG_WARN_INT_CONVERSION = YES;
				CLANG_WARN_NON_LITERAL_NULL_CONVERSION = YES;
				CLANG_WARN_OBJC_IMPLICIT_RETAIN_SELF = YES;
				CLANG_WARN_OBJC_LITERAL_CONVERSION = YES;
				CLANG_WARN_OBJC_ROOT_CLASS = YES_ERROR;
				CLANG_WARN_RANGE_LOOP_ANALYSIS = YES;
				CLANG_WARN_STRICT_PROTOTYPES = YES;
				CLANG_WARN_SUSPICIOUS_MOVE = YES;
				CLANG_WARN_UNGUARDED_AVAILABILITY = YES_AGGRESSIVE;
				CLANG_WARN_UNREACHABLE_CODE = YES;
				CLANG_WARN__DUPLICATE_METHOD_MATCH = YES;
				CODE_SIGN_IDENTITY = "iPhone Developer";
				COPY_PHASE_STRIP = NO;
				DEBUG_INFORMATION_FORMAT = "dwarf-with-dsym";
				ENABLE_NS_ASSERTIONS = NO;
				ENABLE_STRICT_OBJC_MSGSEND = YES;
				GCC_C_LANGUAGE_STANDARD = gnu11;
				GCC_NO_COMMON_BLOCKS = YES;
				GCC_WARN_64_TO_32_BIT_CONVERSION = YES;
				GCC_WARN_ABOUT_RETURN_TYPE = YES_ERROR;
				GCC_WARN_UNDECLARED_SELECTOR = YES;
				GCC_WARN_UNINITIALIZED_AUTOS = YES_AGGRESSIVE;
				GCC_WARN_UNUSED_FUNCTION = YES;
				GCC_WARN_UNUSED_VARIABLE = YES;
				IPHONEOS_DEPLOYMENT_TARGET = 9.0;
				MTL_ENABLE_DEBUG_INFO = NO;
				MTL_FAST_MATH = YES;
				SDKROOT = iphoneos;
				SWIFT_COMPILATION_MODE = wholemodule;
				SWIFT_OPTIMIZATION_LEVEL = "-O";
				VALIDATE_PRODUCT = YES;
			};
			name = Release;
		};
		52E8308A213120580061AF56 /* Debug */ = {
			isa = XCBuildConfiguration;
			baseConfigurationReference = 8C8B65B1B6D475A6886C8C17 /* Pods-Center-iOS.debug.xcconfig */;
			buildSettings = {
				ASSETCATALOG_COMPILER_APPICON_NAME = AppIcon;
				CODE_SIGN_STYLE = Automatic;
				DEVELOPMENT_TEAM = KZ7D8X3PRK;
				INFOPLIST_FILE = "Center-iOS/Info.plist";
				LD_RUNPATH_SEARCH_PATHS = (
					"$(inherited)",
					"@executable_path/Frameworks",
				);
				PRODUCT_BUNDLE_IDENTIFIER = "io.github.ohsthecenter.Center-iOS";
				PRODUCT_NAME = "$(TARGET_NAME)";
				SWIFT_VERSION = 4.2;
				TARGETED_DEVICE_FAMILY = "1,2";
			};
			name = Debug;
		};
		52E8308B213120580061AF56 /* Release */ = {
			isa = XCBuildConfiguration;
			baseConfigurationReference = 66319AEDC0BCBF3FBCD6AB6B /* Pods-Center-iOS.release.xcconfig */;
			buildSettings = {
				ASSETCATALOG_COMPILER_APPICON_NAME = AppIcon;
				CODE_SIGN_STYLE = Automatic;
				DEVELOPMENT_TEAM = KZ7D8X3PRK;
				INFOPLIST_FILE = "Center-iOS/Info.plist";
				LD_RUNPATH_SEARCH_PATHS = (
					"$(inherited)",
					"@executable_path/Frameworks",
				);
				PRODUCT_BUNDLE_IDENTIFIER = "io.github.ohsthecenter.Center-iOS";
				PRODUCT_NAME = "$(TARGET_NAME)";
				SWIFT_VERSION = 4.2;
				TARGETED_DEVICE_FAMILY = "1,2";
			};
			name = Release;
		};
/* End XCBuildConfiguration section */

/* Begin XCConfigurationList section */
		52E83072213120550061AF56 /* Build configuration list for PBXProject "Center-iOS" */ = {
			isa = XCConfigurationList;
			buildConfigurations = (
				52E83087213120580061AF56 /* Debug */,
				52E83088213120580061AF56 /* Release */,
			);
			defaultConfigurationIsVisible = 0;
			defaultConfigurationName = Release;
		};
		52E83089213120580061AF56 /* Build configuration list for PBXNativeTarget "Center-iOS" */ = {
			isa = XCConfigurationList;
			buildConfigurations = (
				52E8308A213120580061AF56 /* Debug */,
				52E8308B213120580061AF56 /* Release */,
			);
			defaultConfigurationIsVisible = 0;
			defaultConfigurationName = Release;
		};
/* End XCConfigurationList section */
	};
	rootObject = 52E8306F213120550061AF56 /* Project object */;
}
